
Microsoft Visual Studio Solution File, Format Version 12.00
# Visual Studio Version 17
VisualStudioVersion = 17.13.35806.99 d17.13
MinimumVisualStudioVersion = 10.0.40219.1
Project("{FAE04EC0-301F-11D3-BF4B-00C04F79EFBC}") = "ControlBeeAbstract", "ControlBeeAbstract\ControlBeeAbstract.csproj", "{0E7F347E-BF93-4111-B24E-3BFC9FF7FBF8}"
EndProject
Global
	GlobalSection(SolutionConfigurationPlatforms) = preSolution
		Debug|Any CPU = Debug|Any CPU
		Release|Any CPU = Release|Any CPU
	EndGlobalSection
	GlobalSection(ProjectConfigurationPlatforms) = postSolution
		{0E7F347E-BF93-4111-B24E-3BFC9FF7FBF8}.Debug|Any CPU.ActiveCfg = Debug|Any CPU
		{0E7F347E-BF93-4111-B24E-3BFC9FF7FBF8}.Debug|Any CPU.Build.0 = Debug|Any CPU
		{0E7F347E-BF93-4111-B24E-3BFC9FF7FBF8}.Release|Any CPU.ActiveCfg = Release|Any CPU
		{0E7F347E-BF93-4111-B24E-3BFC9FF7FBF8}.Release|Any CPU.Build.0 = Release|Any CPU
	EndGlobalSection
	GlobalSection(SolutionProperties) = preSolution
		HideSolutionNode = FALSE
	EndGlobalSection
	GlobalSection(ExtensibilityGlobals) = postSolution
		SolutionGuid = {629091CD-B49D-4526-8861-A439F95F55AB}
	EndGlobalSection
EndGlobal
